{
  "name": "@app-sdk/sidemenu",
  "version": "0.0.36",
  "lockfileVersion": 1,
  "requires": true,
  "dependencies": {
    "@app-sdk/advance-components": {
      "version": "1.0.1",
      "resolved": "https://registry.npmjs.org/@app-sdk/advance-components/-/advance-components-1.0.1.tgz",
      "integrity": "sha512-hybIpQfa7mFo4LdRJcl/nuVJPMFfCRe4OQueNC2Ouvoh781VVLdXC1IsED3AvRk0Lf18vC834Yq+W2mfsjsCqw==",
      "requires": {
        "@app-sdk/components": "^1.0.9",
        "@app-sdk/services": "^1.0.11"
      }
    },
    "@app-sdk/components": {
      "version": "1.0.9",
      "resolved": "https://registry.npmjs.org/@app-sdk/components/-/components-1.0.9.tgz",
      "integrity": "sha512-PVg6kcrl0poDV9ca1HfPIUxmzv62+o9YLoT7+60uF4tTIUkcFQcAUbLAwGA02PXHAnUDSkkP/FTlLHddvAtmXQ==",
      "requires": {
        "@app-sdk/services": "^1.0.11",
        "react-native-animatable": "^1.3.1",
        "react-native-extended-stylesheet": "^0.11.1"
      }
    },
    "@app-sdk/services": {
      "version": "1.0.11",
      "resolved": "https://registry.npmjs.org/@app-sdk/services/-/services-1.0.11.tgz",
      "integrity": "sha512-gXtpv55PvVxo/HxmR0zPZIOskrMuk5YS/rGHV7r3JZrm75MCJU46RKKhWXmPyNPbh+t4oODyCatLoAF3+g3isQ==",
      "requires": {
        "react-native-event-listeners": "^1.0.3"
      }
    },
    "css-mediaquery": {
      "version": "0.1.2",
      "resolved": "https://registry.npmjs.org/css-mediaquery/-/css-mediaquery-0.1.2.tgz",
      "integrity": "sha1-aiw3NEkoYYYxxUvTPO3TAdoYvqA="
    },
    "js-tokens": {
      "version": "4.0.0",
      "resolved": "https://registry.npmjs.org/js-tokens/-/js-tokens-4.0.0.tgz",
      "integrity": "sha512-RdJUflcE3cUzKiMqQgsCu06FPu9UdIJO0beYbPhHN4k6apgJtifcoCtT9bcxOpYBtpD2kCM6Sbzg4CausW/PKQ=="
    },
    "loose-envify": {
      "version": "1.4.0",
      "resolved": "https://registry.npmjs.org/loose-envify/-/loose-envify-1.4.0.tgz",
      "integrity": "sha512-lyuxPGr/Wfhrlem2CL/UcnUc1zcqKAImBDzukY7Y5F/yQiNdko6+fRLevlw1HgMySw7f611UIY408EtxRSoK3Q==",
      "requires": {
        "js-tokens": "^3.0.0 || ^4.0.0"
      }
    },
    "object-assign": {
      "version": "4.1.1",
      "resolved": "https://registry.npmjs.org/object-assign/-/object-assign-4.1.1.tgz",
      "integrity": "sha1-IQmtx5ZYh8/AXLvUQsrIv7s2CGM="
    },
    "object-resolve-path": {
      "version": "1.1.1",
      "resolved": "https://registry.npmjs.org/object-resolve-path/-/object-resolve-path-1.1.1.tgz",
      "integrity": "sha1-p/j5Poogr4DkQhe6fbVDFtnRIjI="
    },
    "prop-types": {
      "version": "15.6.2",
      "resolved": "https://registry.npmjs.org/prop-types/-/prop-types-15.6.2.tgz",
      "integrity": "sha512-3pboPvLiWD7dkI3qf3KbUe6hKFKa52w+AE0VCqECtf+QHAKgOL37tTaNCnuX1nAAQ4ZhyP+kYVKf8rLmJ/feDQ==",
      "requires": {
        "loose-envify": "^1.3.1",
        "object-assign": "^4.1.1"
      }
    },
    "react-native-animatable": {
      "version": "1.3.1",
      "resolved": "https://registry.npmjs.org/react-native-animatable/-/react-native-animatable-1.3.1.tgz",
      "integrity": "sha512-NoE6OAgCrhggWBRV6rBJup5vLAGoTjx168Tku1RZmjUGIdYRAyGesP/MoqvxiNJjhTAgwYx2LT63VTT1xO8g4Q==",
      "requires": {
        "prop-types": "^15.5.10"
      }
    },
    "react-native-event-listeners": {
      "version": "1.0.3",
      "resolved": "https://registry.npmjs.org/react-native-event-listeners/-/react-native-event-listeners-1.0.3.tgz",
      "integrity": "sha1-jiEEkbDquPcUMXoPjC0yK7IDYmg=",
      "requires": {
        "type-detect": "4.0.3"
      }
    },
    "react-native-extended-stylesheet": {
      "version": "0.11.1",
      "resolved": "https://registry.npmjs.org/react-native-extended-stylesheet/-/react-native-extended-stylesheet-0.11.1.tgz",
      "integrity": "sha512-lJufG9z6PoNKlYfvpHjOCiBmf4+hpIaBfkmGChvLi0lUKqun7VrT2RvHNorh5kaPLL5bUmYo2Sv4CmNQbGz20w==",
      "requires": {
        "css-mediaquery": "^0.1.2",
        "object-resolve-path": "^1.1.0"
      }
    },
    "type-detect": {
      "version": "4.0.3",
      "resolved": "https://registry.npmjs.org/type-detect/-/type-detect-4.0.3.tgz",
      "integrity": "sha1-Dj8mcLRAmbC0bChNE2p+9Jx0wuo="
    }
  }
}
