{
	"name": "@app-sdk/tutorial",
	"version": "0.0.1",
	"lockfileVersion": 1,
	"requires": true,
	"dependencies": {
		"app-sdk-components": {
			"version": "1.0.1",
			"resolved": "https://registry.npmjs.org/app-sdk-components/-/app-sdk-components-1.0.1.tgz",
			"integrity": "sha512-0QdB5BzDbBCbyoz3fD8uscRj/oF7WFu/KwwtSGB4q5uI1e7ZGc4mS9qapnj3R6H8nh3olHRweuAtr2Ihs8927A==",
			"requires": {
				"react-native-animatable": "^1.3.1",
				"react-native-extended-stylesheet": "^0.11.1"
			}
		},
		"css-mediaquery": {
			"version": "0.1.2",
			"resolved": "https://registry.npmjs.org/css-mediaquery/-/css-mediaquery-0.1.2.tgz",
			"integrity": "sha1-aiw3NEkoYYYxxUvTPO3TAdoYvqA="
		},
		"js-tokens": {
			"version": "4.0.0",
			"resolved": "https://registry.npmjs.org/js-tokens/-/js-tokens-4.0.0.tgz",
			"integrity": "sha512-RdJUflcE3cUzKiMqQgsCu06FPu9UdIJO0beYbPhHN4k6apgJtifcoCtT9bcxOpYBtpD2kCM6Sbzg4CausW/PKQ=="
		},
		"loose-envify": {
			"version": "1.4.0",
			"resolved": "https://registry.npmjs.org/loose-envify/-/loose-envify-1.4.0.tgz",
			"integrity": "sha512-lyuxPGr/Wfhrlem2CL/UcnUc1zcqKAImBDzukY7Y5F/yQiNdko6+fRLevlw1HgMySw7f611UIY408EtxRSoK3Q==",
			"requires": {
				"js-tokens": "^3.0.0 || ^4.0.0"
			}
		},
		"object-assign": {
			"version": "4.1.1",
			"resolved": "https://registry.npmjs.org/object-assign/-/object-assign-4.1.1.tgz",
			"integrity": "sha1-IQmtx5ZYh8/AXLvUQsrIv7s2CGM="
		},
		"object-resolve-path": {
			"version": "1.1.1",
			"resolved": "https://registry.npmjs.org/object-resolve-path/-/object-resolve-path-1.1.1.tgz",
			"integrity": "sha1-p/j5Poogr4DkQhe6fbVDFtnRIjI="
		},
		"prop-types": {
			"version": "15.6.2",
			"resolved": "https://registry.npmjs.org/prop-types/-/prop-types-15.6.2.tgz",
			"integrity": "sha512-3pboPvLiWD7dkI3qf3KbUe6hKFKa52w+AE0VCqECtf+QHAKgOL37tTaNCnuX1nAAQ4ZhyP+kYVKf8rLmJ/feDQ==",
			"requires": {
				"loose-envify": "^1.3.1",
				"object-assign": "^4.1.1"
			}
		},
		"react-native-animatable": {
			"version": "1.3.1",
			"resolved": "https://registry.npmjs.org/react-native-animatable/-/react-native-animatable-1.3.1.tgz",
			"integrity": "sha512-NoE6OAgCrhggWBRV6rBJup5vLAGoTjx168Tku1RZmjUGIdYRAyGesP/MoqvxiNJjhTAgwYx2LT63VTT1xO8g4Q==",
			"requires": {
				"prop-types": "^15.5.10"
			}
		},
		"react-native-extended-stylesheet": {
			"version": "0.11.1",
			"resolved": "https://registry.npmjs.org/react-native-extended-stylesheet/-/react-native-extended-stylesheet-0.11.1.tgz",
			"integrity": "sha512-lJufG9z6PoNKlYfvpHjOCiBmf4+hpIaBfkmGChvLi0lUKqun7VrT2RvHNorh5kaPLL5bUmYo2Sv4CmNQbGz20w==",
			"requires": {
				"css-mediaquery": "^0.1.2",
				"object-resolve-path": "^1.1.0"
			}
		},
		"react-native-swiper": {
			"version": "1.5.14",
			"resolved": "https://registry.npmjs.org/react-native-swiper/-/react-native-swiper-1.5.14.tgz",
			"integrity": "sha512-Kn0fxKooN7Shwu1qJYHB+Y8ssXXnvrIwReHXU5jCdyYNfz2QbBv0Cv3sa2Mqzr+XgzORCFFIokc8uCCUITDrVA==",
			"requires": {
				"prop-types": "^15.5.10"
			}
		}
	}
}
